
Microsoft Visual Studio Solution File, Format Version 12.00
# Visual Studio Version 16
VisualStudioVersion = 16.0.30011.22
MinimumVisualStudioVersion = 10.0.40219.1
Project("{FAE04EC0-301F-11D3-BF4B-00C04F79EFBC}") = "AllAboutReflection", "AllAboutReflection.csproj", "{5BB8BA80-3D6F-4E4D-AD39-C5AA1D955B88}"
EndProject
Global
	GlobalSection(SolutionConfigurationPlatforms) = preSolution
		Debug|Any CPU = Debug|Any CPU
		Release|Any CPU = Release|Any CPU
	EndGlobalSection
	GlobalSection(ProjectConfigurationPlatforms) = postSolution
		{5BB8BA80-3D6F-4E4D-AD39-C5AA1D955B88}.Debug|Any CPU.ActiveCfg = Debug|Any CPU
		{5BB8BA80-3D6F-4E4D-AD39-C5AA1D955B88}.Debug|Any CPU.Build.0 = Debug|Any CPU
		{5BB8BA80-3D6F-4E4D-AD39-C5AA1D955B88}.Release|Any CPU.ActiveCfg = Release|Any CPU
		{5BB8BA80-3D6F-4E4D-AD39-C5AA1D955B88}.Release|Any CPU.Build.0 = Release|Any CPU
	EndGlobalSection
	GlobalSection(SolutionProperties) = preSolution
		HideSolutionNode = FALSE
	EndGlobalSection
	GlobalSection(ExtensibilityGlobals) = postSolution
		SolutionGuid = {DBB81099-BE71-4727-A917-8A60EA92C264}
	EndGlobalSection
EndGlobal
